
Microsoft Visual Studio Solution File, Format Version 11.00
# Visual C++ Express 2010
Project("{8BC9CEB8-8B4A-11D0-8D11-00A0C91BC942}") = "DielectricFitter", "DielectricFitter\DielectricFitter.vcxproj", "{7C2DF0B3-51AE-4356-8853-262B072D18C7}"
EndProject
Project("{8BC9CEB8-8B4A-11D0-8D11-00A0C91BC942}") = "Tests", "Tests\Tests.vcxproj", "{6D454BBF-0DF3-4278-9D2D-A42D4524E56C}"
EndProject
Project("{8BC9CEB8-8B4A-11D0-8D11-00A0C91BC942}") = "Data Manipulator", "Data Manipulator\Data Manipulator.vcxproj", "{8D2AB3D1-7527-4146-B459-9092C87ED605}"
EndProject
Global
	GlobalSection(SolutionConfigurationPlatforms) = preSolution
		Debug|Win32 = Debug|Win32
		Release|Win32 = Release|Win32
	EndGlobalSection
	GlobalSection(ProjectConfigurationPlatforms) = postSolution
		{7C2DF0B3-51AE-4356-8853-262B072D18C7}.Debug|Win32.ActiveCfg = Debug|Win32
		{7C2DF0B3-51AE-4356-8853-262B072D18C7}.Debug|Win32.Build.0 = Debug|Win32
		{7C2DF0B3-51AE-4356-8853-262B072D18C7}.Release|Win32.ActiveCfg = Release|Win32
		{7C2DF0B3-51AE-4356-8853-262B072D18C7}.Release|Win32.Build.0 = Release|Win32
		{6D454BBF-0DF3-4278-9D2D-A42D4524E56C}.Debug|Win32.ActiveCfg = Debug|Win32
		{6D454BBF-0DF3-4278-9D2D-A42D4524E56C}.Debug|Win32.Build.0 = Debug|Win32
		{6D454BBF-0DF3-4278-9D2D-A42D4524E56C}.Release|Win32.ActiveCfg = Release|Win32
		{6D454BBF-0DF3-4278-9D2D-A42D4524E56C}.Release|Win32.Build.0 = Release|Win32
		{8D2AB3D1-7527-4146-B459-9092C87ED605}.Debug|Win32.ActiveCfg = Debug|Win32
		{8D2AB3D1-7527-4146-B459-9092C87ED605}.Debug|Win32.Build.0 = Debug|Win32
		{8D2AB3D1-7527-4146-B459-9092C87ED605}.Release|Win32.ActiveCfg = Release|Win32
		{8D2AB3D1-7527-4146-B459-9092C87ED605}.Release|Win32.Build.0 = Release|Win32
	EndGlobalSection
	GlobalSection(SolutionProperties) = preSolution
		HideSolutionNode = FALSE
	EndGlobalSection
EndGlobal
