
Microsoft Visual Studio Solution File, Format Version 12.00
# Visual Studio 15
VisualStudioVersion = 15.0.27004.2009
MinimumVisualStudioVersion = 10.0.40219.1
Project("{8BC9CEB8-8B4A-11D0-8D11-00A0C91BC942}") = "DielectricFitter", "DielectricFitter\DielectricFitter.vcxproj", "{7C2DF0B3-51AE-4356-8853-262B072D18C7}"
EndProject
Project("{8BC9CEB8-8B4A-11D0-8D11-00A0C91BC942}") = "Tests", "Tests\Tests.vcxproj", "{6D454BBF-0DF3-4278-9D2D-A42D4524E56C}"
EndProject
Project("{8BC9CEB8-8B4A-11D0-8D11-00A0C91BC942}") = "Data Manipulator", "Data Manipulator\Data Manipulator.vcxproj", "{8D2AB3D1-7527-4146-B459-9092C87ED605}"
EndProject
Global
	GlobalSection(SolutionConfigurationPlatforms) = preSolution
		Debug|Win32 = Debug|Win32
		Debug|x64 = Debug|x64
		Release|Win32 = Release|Win32
		Release|x64 = Release|x64
	EndGlobalSection
	GlobalSection(ProjectConfigurationPlatforms) = postSolution
		{7C2DF0B3-51AE-4356-8853-262B072D18C7}.Debug|Win32.ActiveCfg = Debug|Win32
		{7C2DF0B3-51AE-4356-8853-262B072D18C7}.Debug|Win32.Build.0 = Debug|Win32
		{7C2DF0B3-51AE-4356-8853-262B072D18C7}.Debug|x64.ActiveCfg = Debug|Win32
		{7C2DF0B3-51AE-4356-8853-262B072D18C7}.Release|Win32.ActiveCfg = Release|Win32
		{7C2DF0B3-51AE-4356-8853-262B072D18C7}.Release|Win32.Build.0 = Release|Win32
		{7C2DF0B3-51AE-4356-8853-262B072D18C7}.Release|x64.ActiveCfg = Release|Win32
		{6D454BBF-0DF3-4278-9D2D-A42D4524E56C}.Debug|Win32.ActiveCfg = Debug|Win32
		{6D454BBF-0DF3-4278-9D2D-A42D4524E56C}.Debug|Win32.Build.0 = Debug|Win32
		{6D454BBF-0DF3-4278-9D2D-A42D4524E56C}.Debug|x64.ActiveCfg = Debug|Win32
		{6D454BBF-0DF3-4278-9D2D-A42D4524E56C}.Release|Win32.ActiveCfg = Release|Win32
		{6D454BBF-0DF3-4278-9D2D-A42D4524E56C}.Release|Win32.Build.0 = Release|Win32
		{6D454BBF-0DF3-4278-9D2D-A42D4524E56C}.Release|x64.ActiveCfg = Release|Win32
		{8D2AB3D1-7527-4146-B459-9092C87ED605}.Debug|Win32.ActiveCfg = Debug|Win32
		{8D2AB3D1-7527-4146-B459-9092C87ED605}.Debug|Win32.Build.0 = Debug|Win32
		{8D2AB3D1-7527-4146-B459-9092C87ED605}.Debug|x64.ActiveCfg = Debug|x64
		{8D2AB3D1-7527-4146-B459-9092C87ED605}.Debug|x64.Build.0 = Debug|x64
		{8D2AB3D1-7527-4146-B459-9092C87ED605}.Release|Win32.ActiveCfg = Release|Win32
		{8D2AB3D1-7527-4146-B459-9092C87ED605}.Release|Win32.Build.0 = Release|Win32
		{8D2AB3D1-7527-4146-B459-9092C87ED605}.Release|x64.ActiveCfg = Release|x64
		{8D2AB3D1-7527-4146-B459-9092C87ED605}.Release|x64.Build.0 = Release|x64
	EndGlobalSection
	GlobalSection(SolutionProperties) = preSolution
		HideSolutionNode = FALSE
	EndGlobalSection
	GlobalSection(ExtensibilityGlobals) = postSolution
		SolutionGuid = {4A07D304-D410-4F10-9310-D59556A726F2}
	EndGlobalSection
EndGlobal
